
Microsoft Visual Studio Solution File, Format Version 12.00
# Visual Studio Version 17
VisualStudioVersion = 17.9.34622.214
MinimumVisualStudioVersion = 10.0.40219.1
Project("{FAE04EC0-301F-11D3-BF4B-00C04F79EFBC}") = "Job", "Job\Job.csproj", "{A345AC8B-57C8-4801-9C14-106580DD308E}"
EndProject
Global
	GlobalSection(SolutionConfigurationPlatforms) = preSolution
		Debug|Any CPU = Debug|Any CPU
		Release|Any CPU = Release|Any CPU
	EndGlobalSection
	GlobalSection(ProjectConfigurationPlatforms) = postSolution
		{A345AC8B-57C8-4801-9C14-106580DD308E}.Debug|Any CPU.ActiveCfg = Debug|Any CPU
		{A345AC8B-57C8-4801-9C14-106580DD308E}.Debug|Any CPU.Build.0 = Debug|Any CPU
		{A345AC8B-57C8-4801-9C14-106580DD308E}.Release|Any CPU.ActiveCfg = Release|Any CPU
		{A345AC8B-57C8-4801-9C14-106580DD308E}.Release|Any CPU.Build.0 = Release|Any CPU
	EndGlobalSection
	GlobalSection(SolutionProperties) = preSolution
		HideSolutionNode = FALSE
	EndGlobalSection
	GlobalSection(ExtensibilityGlobals) = postSolution
		SolutionGuid = {74868118-5A23-4360-B14F-C7706C36CB4F}
	EndGlobalSection
EndGlobal
